
Microsoft Visual Studio Solution File, Format Version 12.00
# Visual Studio 14
VisualStudioVersion = 14.0.25123.0
MinimumVisualStudioVersion = 10.0.40219.1
Project("{FAE04EC0-301F-11D3-BF4B-00C04F79EFBC}") = "vsarDTLSeleniumDemo", "vsarDTLSeleniumDemo\vsarDTLSeleniumDemo.csproj", "{CAA88352-FE59-414B-8F65-A373096FC5FF}"
EndProject
Global
	GlobalSection(SolutionConfigurationPlatforms) = preSolution
		Debug|Any CPU = Debug|Any CPU
		Release|Any CPU = Release|Any CPU
	EndGlobalSection
	GlobalSection(ProjectConfigurationPlatforms) = postSolution
		{CAA88352-FE59-414B-8F65-A373096FC5FF}.Debug|Any CPU.ActiveCfg = Debug|Any CPU
		{CAA88352-FE59-414B-8F65-A373096FC5FF}.Debug|Any CPU.Build.0 = Debug|Any CPU
		{CAA88352-FE59-414B-8F65-A373096FC5FF}.Release|Any CPU.ActiveCfg = Release|Any CPU
		{CAA88352-FE59-414B-8F65-A373096FC5FF}.Release|Any CPU.Build.0 = Release|Any CPU
	EndGlobalSection
	GlobalSection(SolutionProperties) = preSolution
		HideSolutionNode = FALSE
	EndGlobalSection
EndGlobal
