
Microsoft Visual Studio Solution File, Format Version 12.00
# Visual Studio Version 16
VisualStudioVersion = 16.0.28917.181
MinimumVisualStudioVersion = 10.0.40219.1
Project("{FAE04EC0-301F-11D3-BF4B-00C04F79EFBC}") = "AzureFunctions", "AzureFunctions.csproj", "{C3D824B4-14C5-4B82-9C9D-10DD5C2385E7}"
EndProject
Global
	GlobalSection(SolutionConfigurationPlatforms) = preSolution
		Debug|Any CPU = Debug|Any CPU
		Release|Any CPU = Release|Any CPU
	EndGlobalSection
	GlobalSection(ProjectConfigurationPlatforms) = postSolution
		{C3D824B4-14C5-4B82-9C9D-10DD5C2385E7}.Debug|Any CPU.ActiveCfg = Debug|Any CPU
		{C3D824B4-14C5-4B82-9C9D-10DD5C2385E7}.Debug|Any CPU.Build.0 = Debug|Any CPU
		{C3D824B4-14C5-4B82-9C9D-10DD5C2385E7}.Release|Any CPU.ActiveCfg = Release|Any CPU
		{C3D824B4-14C5-4B82-9C9D-10DD5C2385E7}.Release|Any CPU.Build.0 = Release|Any CPU
	EndGlobalSection
	GlobalSection(SolutionProperties) = preSolution
		HideSolutionNode = FALSE
	EndGlobalSection
	GlobalSection(ExtensibilityGlobals) = postSolution
		SolutionGuid = {994057D9-FA3D-48F2-82C0-FDD463BDEFF0}
	EndGlobalSection
EndGlobal
