
Microsoft Visual Studio Solution File, Format Version 12.00
# Visual Studio 15
VisualStudioVersion = 15.0.27703.2035
MinimumVisualStudioVersion = 10.0.40219.1
Project("{9A19103F-16F7-4668-BE54-9A1E7A4F7556}") = "RDGatewayAPI", "RDGatewayAPI\RDGatewayAPI.csproj", "{4948E6B2-71DD-4E41-9081-156AC4E48193}"
EndProject
Global
	GlobalSection(SolutionConfigurationPlatforms) = preSolution
		Debug|Any CPU = Debug|Any CPU
		Release|Any CPU = Release|Any CPU
	EndGlobalSection
	GlobalSection(ProjectConfigurationPlatforms) = postSolution
		{4948E6B2-71DD-4E41-9081-156AC4E48193}.Debug|Any CPU.ActiveCfg = Debug|Any CPU
		{4948E6B2-71DD-4E41-9081-156AC4E48193}.Debug|Any CPU.Build.0 = Debug|Any CPU
		{4948E6B2-71DD-4E41-9081-156AC4E48193}.Release|Any CPU.ActiveCfg = Release|Any CPU
		{4948E6B2-71DD-4E41-9081-156AC4E48193}.Release|Any CPU.Build.0 = Release|Any CPU
	EndGlobalSection
	GlobalSection(SolutionProperties) = preSolution
		HideSolutionNode = FALSE
	EndGlobalSection
	GlobalSection(ExtensibilityGlobals) = postSolution
		SolutionGuid = {E9573817-F34F-48B9-982B-C281DA985B8E}
	EndGlobalSection
EndGlobal
